
Microsoft Visual Studio Solution File, Format Version 12.00
# Visual Studio Version 17
VisualStudioVersion = 17.3.32825.248
MinimumVisualStudioVersion = 10.0.40219.1
Project("{FAE04EC0-301F-11D3-BF4B-00C04F79EFBC}") = "form1", "form1\form1.csproj", "{87A23D94-8D17-4831-818F-479E3369395D}"
EndProject
Global
	GlobalSection(SolutionConfigurationPlatforms) = preSolution
		Debug|Any CPU = Debug|Any CPU
		Release|Any CPU = Release|Any CPU
	EndGlobalSection
	GlobalSection(ProjectConfigurationPlatforms) = postSolution
		{87A23D94-8D17-4831-818F-479E3369395D}.Debug|Any CPU.ActiveCfg = Debug|Any CPU
		{87A23D94-8D17-4831-818F-479E3369395D}.Debug|Any CPU.Build.0 = Debug|Any CPU
		{87A23D94-8D17-4831-818F-479E3369395D}.Release|Any CPU.ActiveCfg = Release|Any CPU
		{87A23D94-8D17-4831-818F-479E3369395D}.Release|Any CPU.Build.0 = Release|Any CPU
	EndGlobalSection
	GlobalSection(SolutionProperties) = preSolution
		HideSolutionNode = FALSE
	EndGlobalSection
	GlobalSection(ExtensibilityGlobals) = postSolution
		SolutionGuid = {7BAD6664-49DC-4EF4-BC6C-FBF531596A67}
	EndGlobalSection
EndGlobal
